Microsoft Visual Studio Solution File, Format Version 12.00
# Visual Studio Version 17
VisualStudioVersion = 17.5.2.0
MinimumVisualStudioVersion = 10.0.40219.1
Project("{FAE04EC0-301F-11D3-BF4B-00C04F79EFBC}") = "BookStore", "BookStore.csproj", "{A063B8E7-457B-0BC6-C554-4B1EECD80191}"
EndProject
Global
	GlobalSection(SolutionConfigurationPlatforms) = preSolution
		Debug|Any CPU = Debug|Any CPU
		Release|Any CPU = Release|Any CPU
	EndGlobalSection
	GlobalSection(ProjectConfigurationPlatforms) = postSolution
		{A063B8E7-457B-0BC6-C554-4B1EECD80191}.Debug|Any CPU.ActiveCfg = Debug|Any CPU
		{A063B8E7-457B-0BC6-C554-4B1EECD80191}.Debug|Any CPU.Build.0 = Debug|Any CPU
		{A063B8E7-457B-0BC6-C554-4B1EECD80191}.Release|Any CPU.ActiveCfg = Release|Any CPU
		{A063B8E7-457B-0BC6-C554-4B1EECD80191}.Release|Any CPU.Build.0 = Release|Any CPU
	EndGlobalSection
	GlobalSection(SolutionProperties) = preSolution
		HideSolutionNode = FALSE
	EndGlobalSection
	GlobalSection(ExtensibilityGlobals) = postSolution
		SolutionGuid = {F2DD8F14-42B0-4D7E-A5FE-CDF6C581EC39}
	EndGlobalSection
EndGlobal
